{
  "name": "git-submodule",
  "version": "1.0.0",
  "lockfileVersion": 3,
  "requires": true,
  "packages": {
    "": {
      "name": "git-submodule",
      "version": "1.0.0",
      "license": "ISC",
      "dependencies": {
        "web": "file:test-npm/web"
      }
    },
    "node_modules/web": {
      "resolved": "test-npm/web",
      "link": true
    },
    "test-npm/web": {
      "version": "1.0.0",
      "license": "ISC"
    }
  }
}
